
Microsoft Visual Studio Solution File, Format Version 12.00
# Visual Studio Version 17
VisualStudioVersion = 17.0.31903.59
MinimumVisualStudioVersion = 10.0.40219.1
Project("{9A19103F-16F7-4668-BE54-9A1E7A4F7556}") = "API", "src\API\API.csproj", "{DB68CBDC-08AB-4FB7-BBDE-584447B46D64}"
EndProject
Project("{9A19103F-16F7-4668-BE54-9A1E7A4F7556}") = "BLL", "src\BLL\BLL.csproj", "{48076E3D-0823-49A5-A829-BE2F708C3CD0}"
EndProject
Project("{9A19103F-16F7-4668-BE54-9A1E7A4F7556}") = "DAL", "src\DAL\DAL.csproj", "{273DB067-8499-4E00-97AB-697F37DE1EC7}"
EndProject
Global
	GlobalSection(SolutionConfigurationPlatforms) = preSolution
		Debug|Any CPU = Debug|Any CPU
		Release|Any CPU = Release|Any CPU
	EndGlobalSection
	GlobalSection(ProjectConfigurationPlatforms) = postSolution
		{DB68CBDC-08AB-4FB7-BBDE-584447B46D64}.Debug|Any CPU.ActiveCfg = Debug|Any CPU
		{DB68CBDC-08AB-4FB7-BBDE-584447B46D64}.Debug|Any CPU.Build.0 = Debug|Any CPU
		{DB68CBDC-08AB-4FB7-BBDE-584447B46D64}.Release|Any CPU.ActiveCfg = Release|Any CPU
		{DB68CBDC-08AB-4FB7-BBDE-584447B46D64}.Release|Any CPU.Build.0 = Release|Any CPU
		{48076E3D-0823-49A5-A829-BE2F708C3CD0}.Debug|Any CPU.ActiveCfg = Debug|Any CPU
		{48076E3D-0823-49A5-A829-BE2F708C3CD0}.Debug|Any CPU.Build.0 = Debug|Any CPU
		{48076E3D-0823-49A5-A829-BE2F708C3CD0}.Release|Any CPU.ActiveCfg = Release|Any CPU
		{48076E3D-0823-49A5-A829-BE2F708C3CD0}.Release|Any CPU.Build.0 = Release|Any CPU
		{273DB067-8499-4E00-97AB-697F37DE1EC7}.Debug|Any CPU.ActiveCfg = Debug|Any CPU
		{273DB067-8499-4E00-97AB-697F37DE1EC7}.Debug|Any CPU.Build.0 = Debug|Any CPU
		{273DB067-8499-4E00-97AB-697F37DE1EC7}.Release|Any CPU.ActiveCfg = Release|Any CPU
		{273DB067-8499-4E00-97AB-697F37DE1EC7}.Release|Any CPU.Build.0 = Release|Any CPU
	EndGlobalSection
	GlobalSection(SolutionProperties) = preSolution
		HideSolutionNode = FALSE
	EndGlobalSection
	GlobalSection(ExtensibilityGlobals) = postSolution
		SolutionGuid = {6F53AFB0-F3CE-4D8F-ACB1-87E563749C13}
	EndGlobalSection
EndGlobal
